// !$*UTF8*$!
{
	archiveVersion = 1;
	classes = {
	};
	objectVersion = 55;
	objects = {

/* Begin PBXBuildFile section */
		72C2A76F8464937FD02DA95D /* Pods_RentRedi.framework in Frameworks */ = {isa = PBXBuildFile; fileRef = 7C86A335303072A7F7EFA00B /* Pods_RentRedi.framework */; };
		AA61A25DBE1DD8E7B97E6BD0 /* Pods_RentRediTests.framework in Frameworks */ = {isa = PBXBuildFile; fileRef = CA193AD68BCFE3DD4EBC646A /* Pods_RentRediTests.framework */; };
		C13B898428D956CB00148A2E /* GoogleService-Info.plist in Resources */ = {isa = PBXBuildFile; fileRef = C13B898328D956CB00148A2E /* GoogleService-Info.plist */; };
		C197F13228D963EF0072B99D /* DatabaseFunctions.swift in Sources */ = {isa = PBXBuildFile; fileRef = C197F13128D963EF0072B99D /* DatabaseFunctions.swift */; };
		C197F13428D966890072B99D /* RentRediPlusHomeVC.swift in Sources */ = {isa = PBXBuildFile; fileRef = C197F13328D966890072B99D /* RentRediPlusHomeVC.swift */; };
		C197F13628D967270072B99D /* roundedButton.swift in Sources */ = {isa = PBXBuildFile; fileRef = C197F13528D967270072B99D /* roundedButton.swift */; };
		C197F13828D9681D0072B99D /* ApplyHomeVC.swift in Sources */ = {isa = PBXBuildFile; fileRef = C197F13728D9681C0072B99D /* ApplyHomeVC.swift */; };
		C197F13A28D9689D0072B99D /* PrequalifyHomeVC.swift in Sources */ = {isa = PBXBuildFile; fileRef = C197F13928D9689D0072B99D /* PrequalifyHomeVC.swift */; };
		C197F13C28D968F00072B99D /* ApplicationApartmentPhotoCell.swift in Sources */ = {isa = PBXBuildFile; fileRef = C197F13B28D968F00072B99D /* ApplicationApartmentPhotoCell.swift */; };
		C197F13E28D96A360072B99D /* String+Capitalize.swift in Sources */ = {isa = PBXBuildFile; fileRef = C197F13D28D96A360072B99D /* String+Capitalize.swift */; };
		C19E24BD28DBAA6600CBAEDB /* PhotoCarouselCollectionView.swift in Sources */ = {isa = PBXBuildFile; fileRef = C19E24BC28DBAA6600CBAEDB /* PhotoCarouselCollectionView.swift */; };
		C19E24BF28DBAA7D00CBAEDB /* PhotoCarouselCollectionView.xib in Resources */ = {isa = PBXBuildFile; fileRef = C19E24BE28DBAA7D00CBAEDB /* PhotoCarouselCollectionView.xib */; };
		C19E24C228DBFF9400CBAEDB /* ApartmentPopupViewDecoupled.swift in Sources */ = {isa = PBXBuildFile; fileRef = C19E24C028DBFF9400CBAEDB /* ApartmentPopupViewDecoupled.swift */; };
		C19E24C328DBFF9400CBAEDB /* ApartmentPopupViewDecoupled.xib in Resources */ = {isa = PBXBuildFile; fileRef = C19E24C128DBFF9400CBAEDB /* ApartmentPopupViewDecoupled.xib */; };
		C19E24C628DC02EA00CBAEDB /* ApartmentPopupView.swift in Sources */ = {isa = PBXBuildFile; fileRef = C19E24C428DC02EA00CBAEDB /* ApartmentPopupView.swift */; };
		C19E24C728DC02EA00CBAEDB /* ApartmentPopupView.xib in Resources */ = {isa = PBXBuildFile; fileRef = C19E24C528DC02EA00CBAEDB /* ApartmentPopupView.xib */; };
		C1AEF0D128D9405700827D9D /* AppDelegate.swift in Sources */ = {isa = PBXBuildFile; fileRef = C1AEF0D028D9405700827D9D /* AppDelegate.swift */; };
		C1AEF0D328D9405700827D9D /* SceneDelegate.swift in Sources */ = {isa = PBXBuildFile; fileRef = C1AEF0D228D9405700827D9D /* SceneDelegate.swift */; };
		C1AEF0D528D9405700827D9D /* ViewControllerUsedInCurrentComponent.swift in Sources */ = {isa = PBXBuildFile; fileRef = C1AEF0D428D9405700827D9D /* ViewControllerUsedInCurrentComponent.swift */; };
		C1AEF0D828D9405700827D9D /* Main.storyboard in Resources */ = {isa = PBXBuildFile; fileRef = C1AEF0D628D9405700827D9D /* Main.storyboard */; };
		C1AEF0DA28D9405800827D9D /* Assets.xcassets in Resources */ = {isa = PBXBuildFile; fileRef = C1AEF0D928D9405800827D9D /* Assets.xcassets */; };
		C1AEF0DD28D9405800827D9D /* LaunchScreen.storyboard in Resources */ = {isa = PBXBuildFile; fileRef = C1AEF0DB28D9405800827D9D /* LaunchScreen.storyboard */; };
		C1AEF0E828D9405800827D9D /* RentRediTests.swift in Sources */ = {isa = PBXBuildFile; fileRef = C1AEF0E728D9405800827D9D /* RentRediTests.swift */; };
		C1AEF0F228D9405800827D9D /* RentRediUITests.swift in Sources */ = {isa = PBXBuildFile; fileRef = C1AEF0F128D9405800827D9D /* RentRediUITests.swift */; };
		C1AEF0F428D9405800827D9D /* RentRediUITestsLaunchTests.swift in Sources */ = {isa = PBXBuildFile; fileRef = C1AEF0F328D9405800827D9D /* RentRediUITestsLaunchTests.swift */; };
		C1AEF10828D9452100827D9D /* README.md in Resources */ = {isa = PBXBuildFile; fileRef = C1AEF10428D9452100827D9D /* README.md */; };
		C1AEF10928D9452100827D9D /* README.md in Resources */ = {isa = PBXBuildFile; fileRef = C1AEF10428D9452100827D9D /* README.md */; };
		C1AEF10A28D9452100827D9D /* README.md in Resources */ = {isa = PBXBuildFile; fileRef = C1AEF10428D9452100827D9D /* README.md */; };
		C1AEF10E28D9452100827D9D /* TenantCardSubmission.swift in Sources */ = {isa = PBXBuildFile; fileRef = C1AEF10628D9452100827D9D /* TenantCardSubmission.swift */; };
		C1AEF10F28D9452100827D9D /* TenantCardSubmission.swift in Sources */ = {isa = PBXBuildFile; fileRef = C1AEF10628D9452100827D9D /* TenantCardSubmission.swift */; };
		C1AEF11028D9452100827D9D /* TenantCardSubmission.swift in Sources */ = {isa = PBXBuildFile; fileRef = C1AEF10628D9452100827D9D /* TenantCardSubmission.swift */; };
		C1B7714B28DCB19A00F45494 /* ViewController.swift in Sources */ = {isa = PBXBuildFile; fileRef = C1B7714A28DCB19A00F45494 /* ViewController.swift */; };
		C1B7714D28DCC0C000F45494 /* ViewControllerUsedSeparately.swift in Sources */ = {isa = PBXBuildFile; fileRef = C1B7714C28DCC0C000F45494 /* ViewControllerUsedSeparately.swift */; };
		D487641946331FDA2447828D /* Pods_RentRedi_RentRediUITests.framework in Frameworks */ = {isa = PBXBuildFile; fileRef = DECA7AA3C8E4642E7A045847 /* Pods_RentRedi_RentRediUITests.framework */; };
/* End PBXBuildFile section */

/* Begin PBXContainerItemProxy section */
		C1AEF0E428D9405800827D9D /* PBXContainerItemProxy */ = {
			isa = PBXContainerItemProxy;
			containerPortal = C1AEF0C528D9405700827D9D /* Project object */;
			proxyType = 1;
			remoteGlobalIDString = C1AEF0CC28D9405700827D9D;
			remoteInfo = RentRedi;
		};
		C1AEF0EE28D9405800827D9D /* PBXContainerItemProxy */ = {
			isa = PBXContainerItemProxy;
			containerPortal = C1AEF0C528D9405700827D9D /* Project object */;
			proxyType = 1;
			remoteGlobalIDString = C1AEF0CC28D9405700827D9D;
			remoteInfo = RentRedi;
		};
/* End PBXContainerItemProxy section */

/* Begin PBXFileReference section */
		18861FF8F1E900CDDC2EE774 /* Pods-RentRediTests.debug.xcconfig */ = {isa = PBXFileReference; includeInIndex = 1; lastKnownFileType = text.xcconfig; name = "Pods-RentRediTests.debug.xcconfig"; path = "Target Support Files/Pods-RentRediTests/Pods-RentRediTests.debug.xcconfig"; sourceTree = "<group>"; };
		215773D14BBA9D84D6D96B14 /* Pods-RentRedi.debug.xcconfig */ = {isa = PBXFileReference; includeInIndex = 1; lastKnownFileType = text.xcconfig; name = "Pods-RentRedi.debug.xcconfig"; path = "Target Support Files/Pods-RentRedi/Pods-RentRedi.debug.xcconfig"; sourceTree = "<group>"; };
		7C86A335303072A7F7EFA00B /* Pods_RentRedi.framework */ = {isa = PBXFileReference; explicitFileType = wrapper.framework; includeInIndex = 0; path = Pods_RentRedi.framework; sourceTree = BUILT_PRODUCTS_DIR; };
		961E1A08219932DF72732FC5 /* Pods-RentRedi-RentRediUITests.release.xcconfig */ = {isa = PBXFileReference; includeInIndex = 1; lastKnownFileType = text.xcconfig; name = "Pods-RentRedi-RentRediUITests.release.xcconfig"; path = "Target Support Files/Pods-RentRedi-RentRediUITests/Pods-RentRedi-RentRediUITests.release.xcconfig"; sourceTree = "<group>"; };
		C13B898328D956CB00148A2E /* GoogleService-Info.plist */ = {isa = PBXFileReference; fileEncoding = 4; lastKnownFileType = text.plist.xml; path = "GoogleService-Info.plist"; sourceTree = "<group>"; };
		C197F13128D963EF0072B99D /* DatabaseFunctions.swift */ = {isa = PBXFileReference; lastKnownFileType = sourcecode.swift; path = DatabaseFunctions.swift; sourceTree = "<group>"; };
		C197F13328D966890072B99D /* RentRediPlusHomeVC.swift */ = {isa = PBXFileReference; lastKnownFileType = sourcecode.swift; path = RentRediPlusHomeVC.swift; sourceTree = "<group>"; };
		C197F13528D967270072B99D /* roundedButton.swift */ = {isa = PBXFileReference; lastKnownFileType = sourcecode.swift; path = roundedButton.swift; sourceTree = "<group>"; };
		C197F13728D9681C0072B99D /* ApplyHomeVC.swift */ = {isa = PBXFileReference; lastKnownFileType = sourcecode.swift; path = ApplyHomeVC.swift; sourceTree = "<group>"; };
		C197F13928D9689D0072B99D /* PrequalifyHomeVC.swift */ = {isa = PBXFileReference; lastKnownFileType = sourcecode.swift; path = PrequalifyHomeVC.swift; sourceTree = "<group>"; };
		C197F13B28D968F00072B99D /* ApplicationApartmentPhotoCell.swift */ = {isa = PBXFileReference; lastKnownFileType = sourcecode.swift; path = ApplicationApartmentPhotoCell.swift; sourceTree = "<group>"; };
		C197F13D28D96A360072B99D /* String+Capitalize.swift */ = {isa = PBXFileReference; lastKnownFileType = sourcecode.swift; path = "String+Capitalize.swift"; sourceTree = "<group>"; };
		C19E24BC28DBAA6600CBAEDB /* PhotoCarouselCollectionView.swift */ = {isa = PBXFileReference; lastKnownFileType = sourcecode.swift; path = PhotoCarouselCollectionView.swift; sourceTree = "<group>"; };
		C19E24BE28DBAA7D00CBAEDB /* PhotoCarouselCollectionView.xib */ = {isa = PBXFileReference; lastKnownFileType = file.xib; path = PhotoCarouselCollectionView.xib; sourceTree = "<group>"; };
		C19E24C028DBFF9400CBAEDB /* ApartmentPopupViewDecoupled.swift */ = {isa = PBXFileReference; fileEncoding = 4; lastKnownFileType = sourcecode.swift; path = ApartmentPopupViewDecoupled.swift; sourceTree = "<group>"; };
		C19E24C128DBFF9400CBAEDB /* ApartmentPopupViewDecoupled.xib */ = {isa = PBXFileReference; fileEncoding = 4; lastKnownFileType = file.xib; path = ApartmentPopupViewDecoupled.xib; sourceTree = "<group>"; };
		C19E24C428DC02EA00CBAEDB /* ApartmentPopupView.swift */ = {isa = PBXFileReference; fileEncoding = 4; lastKnownFileType = sourcecode.swift; path = ApartmentPopupView.swift; sourceTree = "<group>"; };
		C19E24C528DC02EA00CBAEDB /* ApartmentPopupView.xib */ = {isa = PBXFileReference; fileEncoding = 4; lastKnownFileType = file.xib; path = ApartmentPopupView.xib; sourceTree = "<group>"; };
		C1AEF0CD28D9405700827D9D /* RentRedi.app */ = {isa = PBXFileReference; explicitFileType = wrapper.application; includeInIndex = 0; path = RentRedi.app; sourceTree = BUILT_PRODUCTS_DIR; };
		C1AEF0D028D9405700827D9D /* AppDelegate.swift */ = {isa = PBXFileReference; lastKnownFileType = sourcecode.swift; path = AppDelegate.swift; sourceTree = "<group>"; };
		C1AEF0D228D9405700827D9D /* SceneDelegate.swift */ = {isa = PBXFileReference; lastKnownFileType = sourcecode.swift; path = SceneDelegate.swift; sourceTree = "<group>"; };
		C1AEF0D428D9405700827D9D /* ViewControllerUsedInCurrentComponent.swift */ = {isa = PBXFileReference; lastKnownFileType = sourcecode.swift; path = ViewControllerUsedInCurrentComponent.swift; sourceTree = "<group>"; };
		C1AEF0D728D9405700827D9D /* Base */ = {isa = PBXFileReference; lastKnownFileType = file.storyboard; name = Base; path = Base.lproj/Main.storyboard; sourceTree = "<group>"; };
		C1AEF0D928D9405800827D9D /* Assets.xcassets */ = {isa = PBXFileReference; lastKnownFileType = folder.assetcatalog; path = Assets.xcassets; sourceTree = "<group>"; };
		C1AEF0DC28D9405800827D9D /* Base */ = {isa = PBXFileReference; lastKnownFileType = file.storyboard; name = Base; path = Base.lproj/LaunchScreen.storyboard; sourceTree = "<group>"; };
		C1AEF0DE28D9405800827D9D /* Info.plist */ = {isa = PBXFileReference; lastKnownFileType = text.plist.xml; path = Info.plist; sourceTree = "<group>"; };
		C1AEF0E328D9405800827D9D /* RentRediTests.xctest */ = {isa = PBXFileReference; explicitFileType = wrapper.cfbundle; includeInIndex = 0; path = RentRediTests.xctest; sourceTree = BUILT_PRODUCTS_DIR; };
		C1AEF0E728D9405800827D9D /* RentRediTests.swift */ = {isa = PBXFileReference; lastKnownFileType = sourcecode.swift; path = RentRediTests.swift; sourceTree = "<group>"; };
		C1AEF0ED28D9405800827D9D /* RentRediUITests.xctest */ = {isa = PBXFileReference; explicitFileType = wrapper.cfbundle; includeInIndex = 0; path = RentRediUITests.xctest; sourceTree = BUILT_PRODUCTS_DIR; };
		C1AEF0F128D9405800827D9D /* RentRediUITests.swift */ = {isa = PBXFileReference; lastKnownFileType = sourcecode.swift; path = RentRediUITests.swift; sourceTree = "<group>"; };
		C1AEF0F328D9405800827D9D /* RentRediUITestsLaunchTests.swift */ = {isa = PBXFileReference; lastKnownFileType = sourcecode.swift; path = RentRediUITestsLaunchTests.swift; sourceTree = "<group>"; };
		C1AEF10428D9452100827D9D /* README.md */ = {isa = PBXFileReference; fileEncoding = 4; lastKnownFileType = net.daringfireball.markdown; path = README.md; sourceTree = "<group>"; };
		C1AEF10628D9452100827D9D /* TenantCardSubmission.swift */ = {isa = PBXFileReference; fileEncoding = 4; lastKnownFileType = sourcecode.swift; path = TenantCardSubmission.swift; sourceTree = "<group>"; };
		C1B7714A28DCB19A00F45494 /* ViewController.swift */ = {isa = PBXFileReference; fileEncoding = 4; lastKnownFileType = sourcecode.swift; path = ViewController.swift; sourceTree = "<group>"; };
		C1B7714C28DCC0C000F45494 /* ViewControllerUsedSeparately.swift */ = {isa = PBXFileReference; fileEncoding = 4; lastKnownFileType = sourcecode.swift; path = ViewControllerUsedSeparately.swift; sourceTree = "<group>"; };
		C83863A660CFF762D5F8AB64 /* Pods-RentRedi.release.xcconfig */ = {isa = PBXFileReference; includeInIndex = 1; lastKnownFileType = text.xcconfig; name = "Pods-RentRedi.release.xcconfig"; path = "Target Support Files/Pods-RentRedi/Pods-RentRedi.release.xcconfig"; sourceTree = "<group>"; };
		CA193AD68BCFE3DD4EBC646A /* Pods_RentRediTests.framework */ = {isa = PBXFileReference; explicitFileType = wrapper.framework; includeInIndex = 0; path = Pods_RentRediTests.framework; sourceTree = BUILT_PRODUCTS_DIR; };
		D06C621DC122EB2051F74AE6 /* Pods-RentRedi-RentRediUITests.debug.xcconfig */ = {isa = PBXFileReference; includeInIndex = 1; lastKnownFileType = text.xcconfig; name = "Pods-RentRedi-RentRediUITests.debug.xcconfig"; path = "Target Support Files/Pods-RentRedi-RentRediUITests/Pods-RentRedi-RentRediUITests.debug.xcconfig"; sourceTree = "<group>"; };
		DECA7AA3C8E4642E7A045847 /* Pods_RentRedi_RentRediUITests.framework */ = {isa = PBXFileReference; explicitFileType = wrapper.framework; includeInIndex = 0; path = Pods_RentRedi_RentRediUITests.framework; sourceTree = BUILT_PRODUCTS_DIR; };
		E8FA82A91E8B211A863F073E /* Pods-RentRediTests.release.xcconfig */ = {isa = PBXFileReference; includeInIndex = 1; lastKnownFileType = text.xcconfig; name = "Pods-RentRediTests.release.xcconfig"; path = "Target Support Files/Pods-RentRediTests/Pods-RentRediTests.release.xcconfig"; sourceTree = "<group>"; };
/* End PBXFileReference section */

/* Begin PBXFrameworksBuildPhase section */
		C1AEF0CA28D9405700827D9D /* Frameworks */ = {
			isa = PBXFrameworksBuildPhase;
			buildActionMask = 2147483647;
			files = (
				72C2A76F8464937FD02DA95D /* Pods_RentRedi.framework in Frameworks */,
			);
			runOnlyForDeploymentPostprocessing = 0;
		};
		C1AEF0E028D9405800827D9D /* Frameworks */ = {
			isa = PBXFrameworksBuildPhase;
			buildActionMask = 2147483647;
			files = (
				AA61A25DBE1DD8E7B97E6BD0 /* Pods_RentRediTests.framework in Frameworks */,
			);
			runOnlyForDeploymentPostprocessing = 0;
		};
		C1AEF0EA28D9405800827D9D /* Frameworks */ = {
			isa = PBXFrameworksBuildPhase;
			buildActionMask = 2147483647;
			files = (
				D487641946331FDA2447828D /* Pods_RentRedi_RentRediUITests.framework in Frameworks */,
			);
			runOnlyForDeploymentPostprocessing = 0;
		};
/* End PBXFrameworksBuildPhase section */

/* Begin PBXGroup section */
		A3E988F4D677C5389B03FA60 /* Pods */ = {
			isa = PBXGroup;
			children = (
				215773D14BBA9D84D6D96B14 /* Pods-RentRedi.debug.xcconfig */,
				C83863A660CFF762D5F8AB64 /* Pods-RentRedi.release.xcconfig */,
				D06C621DC122EB2051F74AE6 /* Pods-RentRedi-RentRediUITests.debug.xcconfig */,
				961E1A08219932DF72732FC5 /* Pods-RentRedi-RentRediUITests.release.xcconfig */,
				18861FF8F1E900CDDC2EE774 /* Pods-RentRediTests.debug.xcconfig */,
				E8FA82A91E8B211A863F073E /* Pods-RentRediTests.release.xcconfig */,
			);
			path = Pods;
			sourceTree = "<group>";
		};
		C197F13028D963D70072B99D /* stubs */ = {
			isa = PBXGroup;
			children = (
				C197F13128D963EF0072B99D /* DatabaseFunctions.swift */,
				C197F13B28D968F00072B99D /* ApplicationApartmentPhotoCell.swift */,
				C197F13528D967270072B99D /* roundedButton.swift */,
				C197F13328D966890072B99D /* RentRediPlusHomeVC.swift */,
				C197F13728D9681C0072B99D /* ApplyHomeVC.swift */,
				C197F13928D9689D0072B99D /* PrequalifyHomeVC.swift */,
				C197F13D28D96A360072B99D /* String+Capitalize.swift */,
			);
			path = stubs;
			sourceTree = "<group>";
		};
		C1AEF0C428D9405700827D9D = {
			isa = PBXGroup;
			children = (
				C1AEF0CF28D9405700827D9D /* RentRedi */,
				C1AEF0E628D9405800827D9D /* RentRediTests */,
				C1AEF0F028D9405800827D9D /* RentRediUITests */,
				C1AEF0CE28D9405700827D9D /* Products */,
				A3E988F4D677C5389B03FA60 /* Pods */,
				D0F2F8606D729C5D93ACB24D /* Frameworks */,
			);
			sourceTree = "<group>";
		};
		C1AEF0CE28D9405700827D9D /* Products */ = {
			isa = PBXGroup;
			children = (
				C1AEF0CD28D9405700827D9D /* RentRedi.app */,
				C1AEF0E328D9405800827D9D /* RentRediTests.xctest */,
				C1AEF0ED28D9405800827D9D /* RentRediUITests.xctest */,
			);
			name = Products;
			sourceTree = "<group>";
		};
		C1AEF0CF28D9405700827D9D /* RentRedi */ = {
			isa = PBXGroup;
			children = (
				C197F13028D963D70072B99D /* stubs */,
				C13B898328D956CB00148A2E /* GoogleService-Info.plist */,
				C19E24C428DC02EA00CBAEDB /* ApartmentPopupView.swift */,
				C19E24C528DC02EA00CBAEDB /* ApartmentPopupView.xib */,
				C19E24C028DBFF9400CBAEDB /* ApartmentPopupViewDecoupled.swift */,
				C19E24C128DBFF9400CBAEDB /* ApartmentPopupViewDecoupled.xib */,
				C1AEF10428D9452100827D9D /* README.md */,
				C1AEF10628D9452100827D9D /* TenantCardSubmission.swift */,
				C1AEF0D028D9405700827D9D /* AppDelegate.swift */,
				C1AEF0D228D9405700827D9D /* SceneDelegate.swift */,
				C1B7714A28DCB19A00F45494 /* ViewController.swift */,
				C1AEF0D428D9405700827D9D /* ViewControllerUsedInCurrentComponent.swift */,
				C1B7714C28DCC0C000F45494 /* ViewControllerUsedSeparately.swift */,
				C1AEF0D628D9405700827D9D /* Main.storyboard */,
				C1AEF0D928D9405800827D9D /* Assets.xcassets */,
				C1AEF0DB28D9405800827D9D /* LaunchScreen.storyboard */,
				C1AEF0DE28D9405800827D9D /* Info.plist */,
				C19E24BC28DBAA6600CBAEDB /* PhotoCarouselCollectionView.swift */,
				C19E24BE28DBAA7D00CBAEDB /* PhotoCarouselCollectionView.xib */,
			);
			path = RentRedi;
			sourceTree = "<group>";
		};
		C1AEF0E628D9405800827D9D /* RentRediTests */ = {
			isa = PBXGroup;
			children = (
				C1AEF0E728D9405800827D9D /* RentRediTests.swift */,
			);
			path = RentRediTests;
			sourceTree = "<group>";
		};
		C1AEF0F028D9405800827D9D /* RentRediUITests */ = {
			isa = PBXGroup;
			children = (
				C1AEF0F128D9405800827D9D /* RentRediUITests.swift */,
				C1AEF0F328D9405800827D9D /* RentRediUITestsLaunchTests.swift */,
			);
			path = RentRediUITests;
			sourceTree = "<group>";
		};
		D0F2F8606D729C5D93ACB24D /* Frameworks */ = {
			isa = PBXGroup;
			children = (
				7C86A335303072A7F7EFA00B /* Pods_RentRedi.framework */,
				DECA7AA3C8E4642E7A045847 /* Pods_RentRedi_RentRediUITests.framework */,
				CA193AD68BCFE3DD4EBC646A /* Pods_RentRediTests.framework */,
			);
			name = Frameworks;
			sourceTree = "<group>";
		};
/* End PBXGroup section */

/* Begin PBXNativeTarget section */
		C1AEF0CC28D9405700827D9D /* RentRedi */ = {
			isa = PBXNativeTarget;
			buildConfigurationList = C1AEF0F728D9405800827D9D /* Build configuration list for PBXNativeTarget "RentRedi" */;
			buildPhases = (
				99EF3C53BC052239165470A8 /* [CP] Check Pods Manifest.lock */,
				C1AEF0C928D9405700827D9D /* Sources */,
				C1AEF0CA28D9405700827D9D /* Frameworks */,
				C1AEF0CB28D9405700827D9D /* Resources */,
				8C2A80725A3C8E5C5AFF3364 /* [CP] Embed Pods Frameworks */,
			);
			buildRules = (
			);
			dependencies = (
			);
			name = RentRedi;
			productName = RentRedi;
			productReference = C1AEF0CD28D9405700827D9D /* RentRedi.app */;
			productType = "com.apple.product-type.application";
		};
		C1AEF0E228D9405800827D9D /* RentRediTests */ = {
			isa = PBXNativeTarget;
			buildConfigurationList = C1AEF0FA28D9405800827D9D /* Build configuration list for PBXNativeTarget "RentRediTests" */;
			buildPhases = (
				B014A6E997A64453B89D2F0B /* [CP] Check Pods Manifest.lock */,
				C1AEF0DF28D9405800827D9D /* Sources */,
				C1AEF0E028D9405800827D9D /* Frameworks */,
				C1AEF0E128D9405800827D9D /* Resources */,
			);
			buildRules = (
			);
			dependencies = (
				C1AEF0E528D9405800827D9D /* PBXTargetDependency */,
			);
			name = RentRediTests;
			productName = RentRediTests;
			productReference = C1AEF0E328D9405800827D9D /* RentRediTests.xctest */;
			productType = "com.apple.product-type.bundle.unit-test";
		};
		C1AEF0EC28D9405800827D9D /* RentRediUITests */ = {
			isa = PBXNativeTarget;
			buildConfigurationList = C1AEF0FD28D9405800827D9D /* Build configuration list for PBXNativeTarget "RentRediUITests" */;
			buildPhases = (
				55773B71AB63BC8FEB7E4B40 /* [CP] Check Pods Manifest.lock */,
				C1AEF0E928D9405800827D9D /* Sources */,
				C1AEF0EA28D9405800827D9D /* Frameworks */,
				C1AEF0EB28D9405800827D9D /* Resources */,
				CE26DE6ED02855F3B8A46CFD /* [CP] Embed Pods Frameworks */,
			);
			buildRules = (
			);
			dependencies = (
				C1AEF0EF28D9405800827D9D /* PBXTargetDependency */,
			);
			name = RentRediUITests;
			productName = RentRediUITests;
			productReference = C1AEF0ED28D9405800827D9D /* RentRediUITests.xctest */;
			productType = "com.apple.product-type.bundle.ui-testing";
		};
/* End PBXNativeTarget section */

/* Begin PBXProject section */
		C1AEF0C528D9405700827D9D /* Project object */ = {
			isa = PBXProject;
			attributes = {
				BuildIndependentTargetsInParallel = 1;
				LastSwiftUpdateCheck = 1320;
				LastUpgradeCheck = 1320;
				TargetAttributes = {
					C1AEF0CC28D9405700827D9D = {
						CreatedOnToolsVersion = 13.2.1;
					};
					C1AEF0E228D9405800827D9D = {
						CreatedOnToolsVersion = 13.2.1;
						TestTargetID = C1AEF0CC28D9405700827D9D;
					};
					C1AEF0EC28D9405800827D9D = {
						CreatedOnToolsVersion = 13.2.1;
						TestTargetID = C1AEF0CC28D9405700827D9D;
					};
				};
			};
			buildConfigurationList = C1AEF0C828D9405700827D9D /* Build configuration list for PBXProject "RentRedi" */;
			compatibilityVersion = "Xcode 13.0";
			developmentRegion = en;
			hasScannedForEncodings = 0;
			knownRegions = (
				en,
				Base,
			);
			mainGroup = C1AEF0C428D9405700827D9D;
			productRefGroup = C1AEF0CE28D9405700827D9D /* Products */;
			projectDirPath = "";
			projectRoot = "";
			targets = (
				C1AEF0CC28D9405700827D9D /* RentRedi */,
				C1AEF0E228D9405800827D9D /* RentRediTests */,
				C1AEF0EC28D9405800827D9D /* RentRediUITests */,
			);
		};
/* End PBXProject section */

/* Begin PBXResourcesBuildPhase section */
		C1AEF0CB28D9405700827D9D /* Resources */ = {
			isa = PBXResourcesBuildPhase;
			buildActionMask = 2147483647;
			files = (
				C1AEF0DD28D9405800827D9D /* LaunchScreen.storyboard in Resources */,
				C1AEF10828D9452100827D9D /* README.md in Resources */,
				C19E24C728DC02EA00CBAEDB /* ApartmentPopupView.xib in Resources */,
				C1AEF0DA28D9405800827D9D /* Assets.xcassets in Resources */,
				C1AEF0D828D9405700827D9D /* Main.storyboard in Resources */,
				C19E24C328DBFF9400CBAEDB /* ApartmentPopupViewDecoupled.xib in Resources */,
				C13B898428D956CB00148A2E /* GoogleService-Info.plist in Resources */,
				C19E24BF28DBAA7D00CBAEDB /* PhotoCarouselCollectionView.xib in Resources */,
			);
			runOnlyForDeploymentPostprocessing = 0;
		};
		C1AEF0E128D9405800827D9D /* Resources */ = {
			isa = PBXResourcesBuildPhase;
			buildActionMask = 2147483647;
			files = (
				C1AEF10928D9452100827D9D /* README.md in Resources */,
			);
			runOnlyForDeploymentPostprocessing = 0;
		};
		C1AEF0EB28D9405800827D9D /* Resources */ = {
			isa = PBXResourcesBuildPhase;
			buildActionMask = 2147483647;
			files = (
				C1AEF10A28D9452100827D9D /* README.md in Resources */,
			);
			runOnlyForDeploymentPostprocessing = 0;
		};
/* End PBXResourcesBuildPhase section */

/* Begin PBXShellScriptBuildPhase section */
		55773B71AB63BC8FEB7E4B40 /* [CP] Check Pods Manifest.lock */ = {
			isa = PBXShellScriptBuildPhase;
			buildActionMask = 2147483647;
			files = (
			);
			inputFileListPaths = (
			);
			inputPaths = (
				"${PODS_PODFILE_DIR_PATH}/Podfile.lock",
				"${PODS_ROOT}/Manifest.lock",
			);
			name = "[CP] Check Pods Manifest.lock";
			outputFileListPaths = (
			);
			outputPaths = (
				"$(DERIVED_FILE_DIR)/Pods-RentRedi-RentRediUITests-checkManifestLockResult.txt",
			);
			runOnlyForDeploymentPostprocessing = 0;
			shellPath = /bin/sh;
			shellScript = "diff \"${PODS_PODFILE_DIR_PATH}/Podfile.lock\" \"${PODS_ROOT}/Manifest.lock\" > /dev/null\nif [ $? != 0 ] ; then\n    # print error to STDERR\n    echo \"error: The sandbox is not in sync with the Podfile.lock. Run 'pod install' or update your CocoaPods installation.\" >&2\n    exit 1\nfi\n# This output is used by Xcode 'outputs' to avoid re-running this script phase.\necho \"SUCCESS\" > \"${SCRIPT_OUTPUT_FILE_0}\"\n";
			showEnvVarsInLog = 0;
		};
		8C2A80725A3C8E5C5AFF3364 /* [CP] Embed Pods Frameworks */ = {
			isa = PBXShellScriptBuildPhase;
			buildActionMask = 2147483647;
			files = (
			);
			inputFileListPaths = (
				"${PODS_ROOT}/Target Support Files/Pods-RentRedi/Pods-RentRedi-frameworks-${CONFIGURATION}-input-files.xcfilelist",
			);
			name = "[CP] Embed Pods Frameworks";
			outputFileListPaths = (
				"${PODS_ROOT}/Target Support Files/Pods-RentRedi/Pods-RentRedi-frameworks-${CONFIGURATION}-output-files.xcfilelist",
			);
			runOnlyForDeploymentPostprocessing = 0;
			shellPath = /bin/sh;
			shellScript = "\"${PODS_ROOT}/Target Support Files/Pods-RentRedi/Pods-RentRedi-frameworks.sh\"\n";
			showEnvVarsInLog = 0;
		};
		99EF3C53BC052239165470A8 /* [CP] Check Pods Manifest.lock */ = {
			isa = PBXShellScriptBuildPhase;
			buildActionMask = 2147483647;
			files = (
			);
			inputFileListPaths = (
			);
			inputPaths = (
				"${PODS_PODFILE_DIR_PATH}/Podfile.lock",
				"${PODS_ROOT}/Manifest.lock",
			);
			name = "[CP] Check Pods Manifest.lock";
			outputFileListPaths = (
			);
			outputPaths = (
				"$(DERIVED_FILE_DIR)/Pods-RentRedi-checkManifestLockResult.txt",
			);
			runOnlyForDeploymentPostprocessing = 0;
			shellPath = /bin/sh;
			shellScript = "diff \"${PODS_PODFILE_DIR_PATH}/Podfile.lock\" \"${PODS_ROOT}/Manifest.lock\" > /dev/null\nif [ $? != 0 ] ; then\n    # print error to STDERR\n    echo \"error: The sandbox is not in sync with the Podfile.lock. Run 'pod install' or update your CocoaPods installation.\" >&2\n    exit 1\nfi\n# This output is used by Xcode 'outputs' to avoid re-running this script phase.\necho \"SUCCESS\" > \"${SCRIPT_OUTPUT_FILE_0}\"\n";
			showEnvVarsInLog = 0;
		};
		B014A6E997A64453B89D2F0B /* [CP] Check Pods Manifest.lock */ = {
			isa = PBXShellScriptBuildPhase;
			buildActionMask = 2147483647;
			files = (
			);
			inputFileListPaths = (
			);
			inputPaths = (
				"${PODS_PODFILE_DIR_PATH}/Podfile.lock",
				"${PODS_ROOT}/Manifest.lock",
			);
			name = "[CP] Check Pods Manifest.lock";
			outputFileListPaths = (
			);
			outputPaths = (
				"$(DERIVED_FILE_DIR)/Pods-RentRediTests-checkManifestLockResult.txt",
			);
			runOnlyForDeploymentPostprocessing = 0;
			shellPath = /bin/sh;
			shellScript = "diff \"${PODS_PODFILE_DIR_PATH}/Podfile.lock\" \"${PODS_ROOT}/Manifest.lock\" > /dev/null\nif [ $? != 0 ] ; then\n    # print error to STDERR\n    echo \"error: The sandbox is not in sync with the Podfile.lock. Run 'pod install' or update your CocoaPods installation.\" >&2\n    exit 1\nfi\n# This output is used by Xcode 'outputs' to avoid re-running this script phase.\necho \"SUCCESS\" > \"${SCRIPT_OUTPUT_FILE_0}\"\n";
			showEnvVarsInLog = 0;
		};
		CE26DE6ED02855F3B8A46CFD /* [CP] Embed Pods Frameworks */ = {
			isa = PBXShellScriptBuildPhase;
			buildActionMask = 2147483647;
			files = (
			);
			inputFileListPaths = (
				"${PODS_ROOT}/Target Support Files/Pods-RentRedi-RentRediUITests/Pods-RentRedi-RentRediUITests-frameworks-${CONFIGURATION}-input-files.xcfilelist",
			);
			name = "[CP] Embed Pods Frameworks";
			outputFileListPaths = (
				"${PODS_ROOT}/Target Support Files/Pods-RentRedi-RentRediUITests/Pods-RentRedi-RentRediUITests-frameworks-${CONFIGURATION}-output-files.xcfilelist",
			);
			runOnlyForDeploymentPostprocessing = 0;
			shellPath = /bin/sh;
			shellScript = "\"${PODS_ROOT}/Target Support Files/Pods-RentRedi-RentRediUITests/Pods-RentRedi-RentRediUITests-frameworks.sh\"\n";
			showEnvVarsInLog = 0;
		};
/* End PBXShellScriptBuildPhase section */

/* Begin PBXSourcesBuildPhase section */
		C1AEF0C928D9405700827D9D /* Sources */ = {
			isa = PBXSourcesBuildPhase;
			buildActionMask = 2147483647;
			files = (
				C1B7714B28DCB19A00F45494 /* ViewController.swift in Sources */,
				C19E24C628DC02EA00CBAEDB /* ApartmentPopupView.swift in Sources */,
				C1AEF0D528D9405700827D9D /* ViewControllerUsedInCurrentComponent.swift in Sources */,
				C1B7714D28DCC0C000F45494 /* ViewControllerUsedSeparately.swift in Sources */,
				C197F13A28D9689D0072B99D /* PrequalifyHomeVC.swift in Sources */,
				C1AEF10E28D9452100827D9D /* TenantCardSubmission.swift in Sources */,
				C19E24C228DBFF9400CBAEDB /* ApartmentPopupViewDecoupled.swift in Sources */,
				C197F13228D963EF0072B99D /* DatabaseFunctions.swift in Sources */,
				C197F13828D9681D0072B99D /* ApplyHomeVC.swift in Sources */,
				C197F13628D967270072B99D /* roundedButton.swift in Sources */,
				C1AEF0D128D9405700827D9D /* AppDelegate.swift in Sources */,
				C197F13428D966890072B99D /* RentRediPlusHomeVC.swift in Sources */,
				C1AEF0D328D9405700827D9D /* SceneDelegate.swift in Sources */,
				C19E24BD28DBAA6600CBAEDB /* PhotoCarouselCollectionView.swift in Sources */,
				C197F13E28D96A360072B99D /* String+Capitalize.swift in Sources */,
				C197F13C28D968F00072B99D /* ApplicationApartmentPhotoCell.swift in Sources */,
			);
			runOnlyForDeploymentPostprocessing = 0;
		};
		C1AEF0DF28D9405800827D9D /* Sources */ = {
			isa = PBXSourcesBuildPhase;
			buildActionMask = 2147483647;
			files = (
				C1AEF0E828D9405800827D9D /* RentRediTests.swift in Sources */,
				C1AEF10F28D9452100827D9D /* TenantCardSubmission.swift in Sources */,
			);
			runOnlyForDeploymentPostprocessing = 0;
		};
		C1AEF0E928D9405800827D9D /* Sources */ = {
			isa = PBXSourcesBuildPhase;
			buildActionMask = 2147483647;
			files = (
				C1AEF0F428D9405800827D9D /* RentRediUITestsLaunchTests.swift in Sources */,
				C1AEF0F228D9405800827D9D /* RentRediUITests.swift in Sources */,
				C1AEF11028D9452100827D9D /* TenantCardSubmission.swift in Sources */,
			);
			runOnlyForDeploymentPostprocessing = 0;
		};
/* End PBXSourcesBuildPhase section */

/* Begin PBXTargetDependency section */
		C1AEF0E528D9405800827D9D /* PBXTargetDependency */ = {
			isa = PBXTargetDependency;
			target = C1AEF0CC28D9405700827D9D /* RentRedi */;
			targetProxy = C1AEF0E428D9405800827D9D /* PBXContainerItemProxy */;
		};
		C1AEF0EF28D9405800827D9D /* PBXTargetDependency */ = {
			isa = PBXTargetDependency;
			target = C1AEF0CC28D9405700827D9D /* RentRedi */;
			targetProxy = C1AEF0EE28D9405800827D9D /* PBXContainerItemProxy */;
		};
/* End PBXTargetDependency section */

/* Begin PBXVariantGroup section */
		C1AEF0D628D9405700827D9D /* Main.storyboard */ = {
			isa = PBXVariantGroup;
			children = (
				C1AEF0D728D9405700827D9D /* Base */,
			);
			name = Main.storyboard;
			sourceTree = "<group>";
		};
		C1AEF0DB28D9405800827D9D /* LaunchScreen.storyboard */ = {
			isa = PBXVariantGroup;
			children = (
				C1AEF0DC28D9405800827D9D /* Base */,
			);
			name = LaunchScreen.storyboard;
			sourceTree = "<group>";
		};
/* End PBXVariantGroup section */

/* Begin XCBuildConfiguration section */
		C1AEF0F528D9405800827D9D /* Debug */ = {
			isa = XCBuildConfiguration;
			buildSettings = {
				ALWAYS_SEARCH_USER_PATHS = NO;
				CLANG_ANALYZER_NONNULL = YES;
				CLANG_ANALYZER_NUMBER_OBJECT_CONVERSION = YES_AGGRESSIVE;
				CLANG_CXX_LANGUAGE_STANDARD = "gnu++17";
				CLANG_CXX_LIBRARY = "libc++";
				CLANG_ENABLE_MODULES = YES;
				CLANG_ENABLE_OBJC_ARC = YES;
				CLANG_ENABLE_OBJC_WEAK = YES;
				CLANG_WARN_BLOCK_CAPTURE_AUTORELEASING = YES;
				CLANG_WARN_BOOL_CONVERSION = YES;
				CLANG_WARN_COMMA = YES;
				CLANG_WARN_CONSTANT_CONVERSION = YES;
				CLANG_WARN_DEPRECATED_OBJC_IMPLEMENTATIONS = YES;
				CLANG_WARN_DIRECT_OBJC_ISA_USAGE = YES_ERROR;
				CLANG_WARN_DOCUMENTATION_COMMENTS = YES;
				CLANG_WARN_EMPTY_BODY = YES;
				CLANG_WARN_ENUM_CONVERSION = YES;
				CLANG_WARN_INFINITE_RECURSION = YES;
				CLANG_WARN_INT_CONVERSION = YES;
				CLANG_WARN_NON_LITERAL_NULL_CONVERSION = YES;
				CLANG_WARN_OBJC_IMPLICIT_RETAIN_SELF = YES;
				CLANG_WARN_OBJC_LITERAL_CONVERSION = YES;
				CLANG_WARN_OBJC_ROOT_CLASS = YES_ERROR;
				CLANG_WARN_QUOTED_INCLUDE_IN_FRAMEWORK_HEADER = YES;
				CLANG_WARN_RANGE_LOOP_ANALYSIS = YES;
				CLANG_WARN_STRICT_PROTOTYPES = YES;
				CLANG_WARN_SUSPICIOUS_MOVE = YES;
				CLANG_WARN_UNGUARDED_AVAILABILITY = YES_AGGRESSIVE;
				CLANG_WARN_UNREACHABLE_CODE = YES;
				CLANG_WARN__DUPLICATE_METHOD_MATCH = YES;
				COPY_PHASE_STRIP = NO;
				DEBUG_INFORMATION_FORMAT = dwarf;
				ENABLE_STRICT_OBJC_MSGSEND = YES;
				ENABLE_TESTABILITY = YES;
				GCC_C_LANGUAGE_STANDARD = gnu11;
				GCC_DYNAMIC_NO_PIC = NO;
				GCC_NO_COMMON_BLOCKS = YES;
				GCC_OPTIMIZATION_LEVEL = 0;
				GCC_PREPROCESSOR_DEFINITIONS = (
					"DEBUG=1",
					"$(inherited)",
				);
				GCC_WARN_64_TO_32_BIT_CONVERSION = YES;
				GCC_WARN_ABOUT_RETURN_TYPE = YES_ERROR;
				GCC_WARN_UNDECLARED_SELECTOR = YES;
				GCC_WARN_UNINITIALIZED_AUTOS = YES_AGGRESSIVE;
				GCC_WARN_UNUSED_FUNCTION = YES;
				GCC_WARN_UNUSED_VARIABLE = YES;
				IPHONEOS_DEPLOYMENT_TARGET = 15.2;
				MTL_ENABLE_DEBUG_INFO = INCLUDE_SOURCE;
				MTL_FAST_MATH = YES;
				ONLY_ACTIVE_ARCH = YES;
				SDKROOT = iphoneos;
				SWIFT_ACTIVE_COMPILATION_CONDITIONS = DEBUG;
				SWIFT_OPTIMIZATION_LEVEL = "-Onone";
			};
			name = Debug;
		};
		C1AEF0F628D9405800827D9D /* Release */ = {
			isa = XCBuildConfiguration;
			buildSettings = {
				ALWAYS_SEARCH_USER_PATHS = NO;
				CLANG_ANALYZER_NONNULL = YES;
				CLANG_ANALYZER_NUMBER_OBJECT_CONVERSION = YES_AGGRESSIVE;
				CLANG_CXX_LANGUAGE_STANDARD = "gnu++17";
				CLANG_CXX_LIBRARY = "libc++";
				CLANG_ENABLE_MODULES = YES;
				CLANG_ENABLE_OBJC_ARC = YES;
				CLANG_ENABLE_OBJC_WEAK = YES;
				CLANG_WARN_BLOCK_CAPTURE_AUTORELEASING = YES;
				CLANG_WARN_BOOL_CONVERSION = YES;
				CLANG_WARN_COMMA = YES;
				CLANG_WARN_CONSTANT_CONVERSION = YES;
				CLANG_WARN_DEPRECATED_OBJC_IMPLEMENTATIONS = YES;
				CLANG_WARN_DIRECT_OBJC_ISA_USAGE = YES_ERROR;
				CLANG_WARN_DOCUMENTATION_COMMENTS = YES;
				CLANG_WARN_EMPTY_BODY = YES;
				CLANG_WARN_ENUM_CONVERSION = YES;
				CLANG_WARN_INFINITE_RECURSION = YES;
				CLANG_WARN_INT_CONVERSION = YES;
				CLANG_WARN_NON_LITERAL_NULL_CONVERSION = YES;
				CLANG_WARN_OBJC_IMPLICIT_RETAIN_SELF = YES;
				CLANG_WARN_OBJC_LITERAL_CONVERSION = YES;
				CLANG_WARN_OBJC_ROOT_CLASS = YES_ERROR;
				CLANG_WARN_QUOTED_INCLUDE_IN_FRAMEWORK_HEADER = YES;
				CLANG_WARN_RANGE_LOOP_ANALYSIS = YES;
				CLANG_WARN_STRICT_PROTOTYPES = YES;
				CLANG_WARN_SUSPICIOUS_MOVE = YES;
				CLANG_WARN_UNGUARDED_AVAILABILITY = YES_AGGRESSIVE;
				CLANG_WARN_UNREACHABLE_CODE = YES;
				CLANG_WARN__DUPLICATE_METHOD_MATCH = YES;
				COPY_PHASE_STRIP = NO;
				DEBUG_INFORMATION_FORMAT = "dwarf-with-dsym";
				ENABLE_NS_ASSERTIONS = NO;
				ENABLE_STRICT_OBJC_MSGSEND = YES;
				GCC_C_LANGUAGE_STANDARD = gnu11;
				GCC_NO_COMMON_BLOCKS = YES;
				GCC_WARN_64_TO_32_BIT_CONVERSION = YES;
				GCC_WARN_ABOUT_RETURN_TYPE = YES_ERROR;
				GCC_WARN_UNDECLARED_SELECTOR = YES;
				GCC_WARN_UNINITIALIZED_AUTOS = YES_AGGRESSIVE;
				GCC_WARN_UNUSED_FUNCTION = YES;
				GCC_WARN_UNUSED_VARIABLE = YES;
				IPHONEOS_DEPLOYMENT_TARGET = 15.2;
				MTL_ENABLE_DEBUG_INFO = NO;
				MTL_FAST_MATH = YES;
				SDKROOT = iphoneos;
				SWIFT_COMPILATION_MODE = wholemodule;
				SWIFT_OPTIMIZATION_LEVEL = "-O";
				VALIDATE_PRODUCT = YES;
			};
			name = Release;
		};
		C1AEF0F828D9405800827D9D /* Debug */ = {
			isa = XCBuildConfiguration;
			baseConfigurationReference = 215773D14BBA9D84D6D96B14 /* Pods-RentRedi.debug.xcconfig */;
			buildSettings = {
				ASSETCATALOG_COMPILER_APPICON_NAME = AppIcon;
				ASSETCATALOG_COMPILER_GLOBAL_ACCENT_COLOR_NAME = AccentColor;
				CODE_SIGN_STYLE = Automatic;
				CURRENT_PROJECT_VERSION = 1;
				DEVELOPMENT_TEAM = SRBQ5SCF5X;
				GENERATE_INFOPLIST_FILE = YES;
				INFOPLIST_FILE = RentRedi/Info.plist;
				INFOPLIST_KEY_UIApplicationSupportsIndirectInputEvents = YES;
				INFOPLIST_KEY_UILaunchStoryboardName = LaunchScreen;
				INFOPLIST_KEY_UIMainStoryboardFile = Main;
				INFOPLIST_KEY_UISupportedInterfaceOrientations_iPad = "UIInterfaceOrientationPortrait UIInterfaceOrientationPortraitUpsideDown UIInterfaceOrientationLandscapeLeft UIInterfaceOrientationLandscapeRight";
				INFOPLIST_KEY_UISupportedInterfaceOrientations_iPhone = "UIInterfaceOrientationPortrait UIInterfaceOrientationLandscapeLeft UIInterfaceOrientationLandscapeRight";
				LD_RUNPATH_SEARCH_PATHS = (
					"$(inherited)",
					"@executable_path/Frameworks",
				);
				MARKETING_VERSION = 1.0;
				PRODUCT_BUNDLE_IDENTIFIER = com.njligames.RentRedi;
				PRODUCT_NAME = "$(TARGET_NAME)";
				SWIFT_EMIT_LOC_STRINGS = YES;
				SWIFT_VERSION = 5.0;
				TARGETED_DEVICE_FAMILY = "1,2";
			};
			name = Debug;
		};
		C1AEF0F928D9405800827D9D /* Release */ = {
			isa = XCBuildConfiguration;
			baseConfigurationReference = C83863A660CFF762D5F8AB64 /* Pods-RentRedi.release.xcconfig */;
			buildSettings = {
				ASSETCATALOG_COMPILER_APPICON_NAME = AppIcon;
				ASSETCATALOG_COMPILER_GLOBAL_ACCENT_COLOR_NAME = AccentColor;
				CODE_SIGN_STYLE = Automatic;
				CURRENT_PROJECT_VERSION = 1;
				DEVELOPMENT_TEAM = SRBQ5SCF5X;
				GENERATE_INFOPLIST_FILE = YES;
				INFOPLIST_FILE = RentRedi/Info.plist;
				INFOPLIST_KEY_UIApplicationSupportsIndirectInputEvents = YES;
				INFOPLIST_KEY_UILaunchStoryboardName = LaunchScreen;
				INFOPLIST_KEY_UIMainStoryboardFile = Main;
				INFOPLIST_KEY_UISupportedInterfaceOrientations_iPad = "UIInterfaceOrientationPortrait UIInterfaceOrientationPortraitUpsideDown UIInterfaceOrientationLandscapeLeft UIInterfaceOrientationLandscapeRight";
				INFOPLIST_KEY_UISupportedInterfaceOrientations_iPhone = "UIInterfaceOrientationPortrait UIInterfaceOrientationLandscapeLeft UIInterfaceOrientationLandscapeRight";
				LD_RUNPATH_SEARCH_PATHS = (
					"$(inherited)",
					"@executable_path/Frameworks",
				);
				MARKETING_VERSION = 1.0;
				PRODUCT_BUNDLE_IDENTIFIER = com.njligames.RentRedi;
				PRODUCT_NAME = "$(TARGET_NAME)";
				SWIFT_EMIT_LOC_STRINGS = YES;
				SWIFT_VERSION = 5.0;
				TARGETED_DEVICE_FAMILY = "1,2";
			};
			name = Release;
		};
		C1AEF0FB28D9405800827D9D /* Debug */ = {
			isa = XCBuildConfiguration;
			baseConfigurationReference = 18861FF8F1E900CDDC2EE774 /* Pods-RentRediTests.debug.xcconfig */;
			buildSettings = {
				ALWAYS_EMBED_SWIFT_STANDARD_LIBRARIES = YES;
				BUNDLE_LOADER = "$(TEST_HOST)";
				CODE_SIGN_STYLE = Automatic;
				CURRENT_PROJECT_VERSION = 1;
				DEVELOPMENT_TEAM = SRBQ5SCF5X;
				GENERATE_INFOPLIST_FILE = YES;
				IPHONEOS_DEPLOYMENT_TARGET = 15.2;
				MARKETING_VERSION = 1.0;
				PRODUCT_BUNDLE_IDENTIFIER = com.njligames.RentRediTests;
				PRODUCT_NAME = "$(TARGET_NAME)";
				SWIFT_EMIT_LOC_STRINGS = NO;
				SWIFT_VERSION = 5.0;
				TARGETED_DEVICE_FAMILY = "1,2";
				TEST_HOST = "$(BUILT_PRODUCTS_DIR)/RentRedi.app/RentRedi";
			};
			name = Debug;
		};
		C1AEF0FC28D9405800827D9D /* Release */ = {
			isa = XCBuildConfiguration;
			baseConfigurationReference = E8FA82A91E8B211A863F073E /* Pods-RentRediTests.release.xcconfig */;
			buildSettings = {
				ALWAYS_EMBED_SWIFT_STANDARD_LIBRARIES = YES;
				BUNDLE_LOADER = "$(TEST_HOST)";
				CODE_SIGN_STYLE = Automatic;
				CURRENT_PROJECT_VERSION = 1;
				DEVELOPMENT_TEAM = SRBQ5SCF5X;
				GENERATE_INFOPLIST_FILE = YES;
				IPHONEOS_DEPLOYMENT_TARGET = 15.2;
				MARKETING_VERSION = 1.0;
				PRODUCT_BUNDLE_IDENTIFIER = com.njligames.RentRediTests;
				PRODUCT_NAME = "$(TARGET_NAME)";
				SWIFT_EMIT_LOC_STRINGS = NO;
				SWIFT_VERSION = 5.0;
				TARGETED_DEVICE_FAMILY = "1,2";
				TEST_HOST = "$(BUILT_PRODUCTS_DIR)/RentRedi.app/RentRedi";
			};
			name = Release;
		};
		C1AEF0FE28D9405800827D9D /* Debug */ = {
			isa = XCBuildConfiguration;
			baseConfigurationReference = D06C621DC122EB2051F74AE6 /* Pods-RentRedi-RentRediUITests.debug.xcconfig */;
			buildSettings = {
				ALWAYS_EMBED_SWIFT_STANDARD_LIBRARIES = YES;
				CODE_SIGN_STYLE = Automatic;
				CURRENT_PROJECT_VERSION = 1;
				DEVELOPMENT_TEAM = SRBQ5SCF5X;
				GENERATE_INFOPLIST_FILE = YES;
				MARKETING_VERSION = 1.0;
				PRODUCT_BUNDLE_IDENTIFIER = com.njligames.RentRediUITests;
				PRODUCT_NAME = "$(TARGET_NAME)";
				SWIFT_EMIT_LOC_STRINGS = NO;
				SWIFT_VERSION = 5.0;
				TARGETED_DEVICE_FAMILY = "1,2";
				TEST_TARGET_NAME = RentRedi;
			};
			name = Debug;
		};
		C1AEF0FF28D9405800827D9D /* Release */ = {
			isa = XCBuildConfiguration;
			baseConfigurationReference = 961E1A08219932DF72732FC5 /* Pods-RentRedi-RentRediUITests.release.xcconfig */;
			buildSettings = {
				ALWAYS_EMBED_SWIFT_STANDARD_LIBRARIES = YES;
				CODE_SIGN_STYLE = Automatic;
				CURRENT_PROJECT_VERSION = 1;
				DEVELOPMENT_TEAM = SRBQ5SCF5X;
				GENERATE_INFOPLIST_FILE = YES;
				MARKETING_VERSION = 1.0;
				PRODUCT_BUNDLE_IDENTIFIER = com.njligames.RentRediUITests;
				PRODUCT_NAME = "$(TARGET_NAME)";
				SWIFT_EMIT_LOC_STRINGS = NO;
				SWIFT_VERSION = 5.0;
				TARGETED_DEVICE_FAMILY = "1,2";
				TEST_TARGET_NAME = RentRedi;
			};
			name = Release;
		};
/* End XCBuildConfiguration section */

/* Begin XCConfigurationList section */
		C1AEF0C828D9405700827D9D /* Build configuration list for PBXProject "RentRedi" */ = {
			isa = XCConfigurationList;
			buildConfigurations = (
				C1AEF0F528D9405800827D9D /* Debug */,
				C1AEF0F628D9405800827D9D /* Release */,
			);
			defaultConfigurationIsVisible = 0;
			defaultConfigurationName = Release;
		};
		C1AEF0F728D9405800827D9D /* Build configuration list for PBXNativeTarget "RentRedi" */ = {
			isa = XCConfigurationList;
			buildConfigurations = (
				C1AEF0F828D9405800827D9D /* Debug */,
				C1AEF0F928D9405800827D9D /* Release */,
			);
			defaultConfigurationIsVisible = 0;
			defaultConfigurationName = Release;
		};
		C1AEF0FA28D9405800827D9D /* Build configuration list for PBXNativeTarget "RentRediTests" */ = {
			isa = XCConfigurationList;
			buildConfigurations = (
				C1AEF0FB28D9405800827D9D /* Debug */,
				C1AEF0FC28D9405800827D9D /* Release */,
			);
			defaultConfigurationIsVisible = 0;
			defaultConfigurationName = Release;
		};
		C1AEF0FD28D9405800827D9D /* Build configuration list for PBXNativeTarget "RentRediUITests" */ = {
			isa = XCConfigurationList;
			buildConfigurations = (
				C1AEF0FE28D9405800827D9D /* Debug */,
				C1AEF0FF28D9405800827D9D /* Release */,
			);
			defaultConfigurationIsVisible = 0;
			defaultConfigurationName = Release;
		};
/* End XCConfigurationList section */
	};
	rootObject = C1AEF0C528D9405700827D9D /* Project object */;
}
